{
  "name": "type-root-test",
  "version": "1.0.0",
  "lockfileVersion": 3,
  "requires": true,
  "packages": {
    "": {
      "name": "type-root-test",
      "version": "1.0.0",
      "license": "Unlicense",
      "devDependencies": {
        "typescript": "^5.5.0-dev.20240429"
      }
    },
    "node_modules/typescript": {
      "version": "5.5.0-dev.20240429",
      "resolved": "https://registry.npmjs.org/typescript/-/typescript-5.5.0-dev.20240429.tgz",
      "integrity": "sha512-oaeASmILG5rODErsKfCtOv1mDllgxW7wilw05mHMgm1pzye6YKMsvd0nEHuVdzwql06viXRA3vumjLvtXERngQ==",
      "dev": true,
      "bin": {
        "tsc": "bin/tsc",
        "tsserver": "bin/tsserver"
      },
      "engines": {
        "node": ">=14.17"
      }
    }
  }
}
